
Microsoft Visual Studio Solution File, Format Version 12.00
# Visual Studio 15
VisualStudioVersion = 15.0.28307.271
MinimumVisualStudioVersion = 10.0.40219.1
Project("{FAE04EC0-301F-11D3-BF4B-00C04F79EFBC}") = "DasUberScroller.UWP", "DasUberScroller.UWP\DasUberScroller.UWP.csproj", "{F7D5D3B5-A898-40D7-974D-68642C246350}"
EndProject
Project("{FAE04EC0-301F-11D3-BF4B-00C04F79EFBC}") = "DasUberScroller.lib", "DasUberScroller.lib\DasUberScroller.lib.csproj", "{1DC23AD5-978A-4EF8-B785-F6A3C79EA456}"
EndProject
Global
	GlobalSection(SolutionConfigurationPlatforms) = preSolution
		Debug|Any CPU = Debug|Any CPU
		Debug|ARM = Debug|ARM
		Debug|x64 = Debug|x64
		Debug|x86 = Debug|x86
		Release|Any CPU = Release|Any CPU
		Release|ARM = Release|ARM
		Release|x64 = Release|x64
		Release|x86 = Release|x86
	EndGlobalSection
	GlobalSection(ProjectConfigurationPlatforms) = postSolution
		{F7D5D3B5-A898-40D7-974D-68642C246350}.Debug|Any CPU.ActiveCfg = Debug|x86
		{F7D5D3B5-A898-40D7-974D-68642C246350}.Debug|ARM.ActiveCfg = Debug|ARM
		{F7D5D3B5-A898-40D7-974D-68642C246350}.Debug|ARM.Build.0 = Debug|ARM
		{F7D5D3B5-A898-40D7-974D-68642C246350}.Debug|ARM.Deploy.0 = Debug|ARM
		{F7D5D3B5-A898-40D7-974D-68642C246350}.Debug|x64.ActiveCfg = Debug|x64
		{F7D5D3B5-A898-40D7-974D-68642C246350}.Debug|x64.Build.0 = Debug|x64
		{F7D5D3B5-A898-40D7-974D-68642C246350}.Debug|x64.Deploy.0 = Debug|x64
		{F7D5D3B5-A898-40D7-974D-68642C246350}.Debug|x86.ActiveCfg = Debug|x86
		{F7D5D3B5-A898-40D7-974D-68642C246350}.Debug|x86.Build.0 = Debug|x86
		{F7D5D3B5-A898-40D7-974D-68642C246350}.Debug|x86.Deploy.0 = Debug|x86
		{F7D5D3B5-A898-40D7-974D-68642C246350}.Release|Any CPU.ActiveCfg = Release|x86
		{F7D5D3B5-A898-40D7-974D-68642C246350}.Release|ARM.ActiveCfg = Release|ARM
		{F7D5D3B5-A898-40D7-974D-68642C246350}.Release|ARM.Build.0 = Release|ARM
		{F7D5D3B5-A898-40D7-974D-68642C246350}.Release|ARM.Deploy.0 = Release|ARM
		{F7D5D3B5-A898-40D7-974D-68642C246350}.Release|x64.ActiveCfg = Release|x64
		{F7D5D3B5-A898-40D7-974D-68642C246350}.Release|x64.Build.0 = Release|x64
		{F7D5D3B5-A898-40D7-974D-68642C246350}.Release|x64.Deploy.0 = Release|x64
		{F7D5D3B5-A898-40D7-974D-68642C246350}.Release|x86.ActiveCfg = Release|x86
		{F7D5D3B5-A898-40D7-974D-68642C246350}.Release|x86.Build.0 = Release|x86
		{F7D5D3B5-A898-40D7-974D-68642C246350}.Release|x86.Deploy.0 = Release|x86
		{1DC23AD5-978A-4EF8-B785-F6A3C79EA456}.Debug|Any CPU.ActiveCfg = Debug|Any CPU
		{1DC23AD5-978A-4EF8-B785-F6A3C79EA456}.Debug|Any CPU.Build.0 = Debug|Any CPU
		{1DC23AD5-978A-4EF8-B785-F6A3C79EA456}.Debug|ARM.ActiveCfg = Debug|Any CPU
		{1DC23AD5-978A-4EF8-B785-F6A3C79EA456}.Debug|ARM.Build.0 = Debug|Any CPU
		{1DC23AD5-978A-4EF8-B785-F6A3C79EA456}.Debug|x64.ActiveCfg = Debug|Any CPU
		{1DC23AD5-978A-4EF8-B785-F6A3C79EA456}.Debug|x64.Build.0 = Debug|Any CPU
		{1DC23AD5-978A-4EF8-B785-F6A3C79EA456}.Debug|x86.ActiveCfg = Debug|Any CPU
		{1DC23AD5-978A-4EF8-B785-F6A3C79EA456}.Debug|x86.Build.0 = Debug|Any CPU
		{1DC23AD5-978A-4EF8-B785-F6A3C79EA456}.Release|Any CPU.ActiveCfg = Release|Any CPU
		{1DC23AD5-978A-4EF8-B785-F6A3C79EA456}.Release|Any CPU.Build.0 = Release|Any CPU
		{1DC23AD5-978A-4EF8-B785-F6A3C79EA456}.Release|ARM.ActiveCfg = Release|Any CPU
		{1DC23AD5-978A-4EF8-B785-F6A3C79EA456}.Release|ARM.Build.0 = Release|Any CPU
		{1DC23AD5-978A-4EF8-B785-F6A3C79EA456}.Release|x64.ActiveCfg = Release|Any CPU
		{1DC23AD5-978A-4EF8-B785-F6A3C79EA456}.Release|x64.Build.0 = Release|Any CPU
		{1DC23AD5-978A-4EF8-B785-F6A3C79EA456}.Release|x86.ActiveCfg = Release|Any CPU
		{1DC23AD5-978A-4EF8-B785-F6A3C79EA456}.Release|x86.Build.0 = Release|Any CPU
	EndGlobalSection
	GlobalSection(SolutionProperties) = preSolution
		HideSolutionNode = FALSE
	EndGlobalSection
	GlobalSection(ExtensibilityGlobals) = postSolution
		SolutionGuid = {9F329D76-E11E-4292-B0CF-23FBEEA3437D}
	EndGlobalSection
EndGlobal
